// !$*UTF8*$!
{
	archiveVersion = 1;
	classes = {
	};
	objectVersion = 56;
	objects = {

/* Begin PBXBuildFile section */
		1B588E9A2C007B7700A4E4FC /* AppDelegate.swift in Sources */ = {isa = PBXBuildFile; fileRef = 1B588E992C007B7700A4E4FC /* AppDelegate.swift */; };
		1B588E9C2C007B7700A4E4FC /* SceneDelegate.swift in Sources */ = {isa = PBXBuildFile; fileRef = 1B588E9B2C007B7700A4E4FC /* SceneDelegate.swift */; };
		1B588E9E2C007B7700A4E4FC /* ViewController.swift in Sources */ = {isa = PBXBuildFile; fileRef = 1B588E9D2C007B7700A4E4FC /* ViewController.swift */; };
		1B588EA32C007B7800A4E4FC /* Assets.xcassets in Resources */ = {isa = PBXBuildFile; fileRef = 1B588EA22C007B7800A4E4FC /* Assets.xcassets */; };
		1B588EA62C007B7800A4E4FC /* Base in Resources */ = {isa = PBXBuildFile; fileRef = 1B588EA52C007B7800A4E4FC /* Base */; };
		1B588EAE2C007CFA00A4E4FC /* ContentView.swift in Sources */ = {isa = PBXBuildFile; fileRef = 1B588EAD2C007CFA00A4E4FC /* ContentView.swift */; };
		1B588EB12C007D6500A4E4FC /* Coordinator.swift in Sources */ = {isa = PBXBuildFile; fileRef = 1B588EB02C007D6500A4E4FC /* Coordinator.swift */; };
		1B588EB32C007DD700A4E4FC /* ApplicationCoordinator.swift in Sources */ = {isa = PBXBuildFile; fileRef = 1B588EB22C007DD700A4E4FC /* ApplicationCoordinator.swift */; };
		1B588EB62C007EA600A4E4FC /* OnboardingCoordinator.swift in Sources */ = {isa = PBXBuildFile; fileRef = 1B588EB52C007EA600A4E4FC /* OnboardingCoordinator.swift */; };
		1B588EB82C007EEA00A4E4FC /* OnboardingView.swift in Sources */ = {isa = PBXBuildFile; fileRef = 1B588EB72C007EEA00A4E4FC /* OnboardingView.swift */; };
		1B588EBD2C0086E500A4E4FC /* ScaledImageView.swift in Sources */ = {isa = PBXBuildFile; fileRef = 1B588EBC2C0086E500A4E4FC /* ScaledImageView.swift */; };
		1B588EC02C008B6000A4E4FC /* MainCoordinator.swift in Sources */ = {isa = PBXBuildFile; fileRef = 1B588EBF2C008B6000A4E4FC /* MainCoordinator.swift */; };
		1B588EC42C008BD700A4E4FC /* FirstTabCoordinator.swift in Sources */ = {isa = PBXBuildFile; fileRef = 1B588EC32C008BD700A4E4FC /* FirstTabCoordinator.swift */; };
		1B588EC62C008C4500A4E4FC /* SecondTabCoordinator.swift in Sources */ = {isa = PBXBuildFile; fileRef = 1B588EC52C008C4500A4E4FC /* SecondTabCoordinator.swift */; };
		1B588EC82C008C7700A4E4FC /* FirstViewController.swift in Sources */ = {isa = PBXBuildFile; fileRef = 1B588EC72C008C7700A4E4FC /* FirstViewController.swift */; };
		1B588ECA2C008C9700A4E4FC /* FirstDetailView.swift in Sources */ = {isa = PBXBuildFile; fileRef = 1B588EC92C008C9700A4E4FC /* FirstDetailView.swift */; };
		1B588ECF2C008CB800A4E4FC /* SecondViewController.swift in Sources */ = {isa = PBXBuildFile; fileRef = 1B588ECD2C008CB800A4E4FC /* SecondViewController.swift */; };
		1B588ED02C008CB800A4E4FC /* SecondViewController.xib in Resources */ = {isa = PBXBuildFile; fileRef = 1B588ECE2C008CB800A4E4FC /* SecondViewController.xib */; };
		1B588ED22C0093E300A4E4FC /* FirstTabViewModel.swift in Sources */ = {isa = PBXBuildFile; fileRef = 1B588ED12C0093E300A4E4FC /* FirstTabViewModel.swift */; };
/* End PBXBuildFile section */

/* Begin PBXFileReference section */
		1B588E962C007B7700A4E4FC /* CoordinatorProject.app */ = {isa = PBXFileReference; explicitFileType = wrapper.application; includeInIndex = 0; path = CoordinatorProject.app; sourceTree = BUILT_PRODUCTS_DIR; };
		1B588E992C007B7700A4E4FC /* AppDelegate.swift */ = {isa = PBXFileReference; lastKnownFileType = sourcecode.swift; path = AppDelegate.swift; sourceTree = "<group>"; };
		1B588E9B2C007B7700A4E4FC /* SceneDelegate.swift */ = {isa = PBXFileReference; lastKnownFileType = sourcecode.swift; path = SceneDelegate.swift; sourceTree = "<group>"; };
		1B588E9D2C007B7700A4E4FC /* ViewController.swift */ = {isa = PBXFileReference; lastKnownFileType = sourcecode.swift; path = ViewController.swift; sourceTree = "<group>"; };
		1B588EA22C007B7800A4E4FC /* Assets.xcassets */ = {isa = PBXFileReference; lastKnownFileType = folder.assetcatalog; path = Assets.xcassets; sourceTree = "<group>"; };
		1B588EA52C007B7800A4E4FC /* Base */ = {isa = PBXFileReference; lastKnownFileType = file.storyboard; name = Base; path = Base.lproj/LaunchScreen.storyboard; sourceTree = "<group>"; };
		1B588EA72C007B7800A4E4FC /* Info.plist */ = {isa = PBXFileReference; lastKnownFileType = text.plist.xml; path = Info.plist; sourceTree = "<group>"; };
		1B588EAD2C007CFA00A4E4FC /* ContentView.swift */ = {isa = PBXFileReference; lastKnownFileType = sourcecode.swift; path = ContentView.swift; sourceTree = "<group>"; };
		1B588EB02C007D6500A4E4FC /* Coordinator.swift */ = {isa = PBXFileReference; lastKnownFileType = sourcecode.swift; path = Coordinator.swift; sourceTree = "<group>"; };
		1B588EB22C007DD700A4E4FC /* ApplicationCoordinator.swift */ = {isa = PBXFileReference; lastKnownFileType = sourcecode.swift; path = ApplicationCoordinator.swift; sourceTree = "<group>"; };
		1B588EB52C007EA600A4E4FC /* OnboardingCoordinator.swift */ = {isa = PBXFileReference; lastKnownFileType = sourcecode.swift; path = OnboardingCoordinator.swift; sourceTree = "<group>"; };
		1B588EB72C007EEA00A4E4FC /* OnboardingView.swift */ = {isa = PBXFileReference; lastKnownFileType = sourcecode.swift; path = OnboardingView.swift; sourceTree = "<group>"; };
		1B588EBC2C0086E500A4E4FC /* ScaledImageView.swift */ = {isa = PBXFileReference; lastKnownFileType = sourcecode.swift; path = ScaledImageView.swift; sourceTree = "<group>"; };
		1B588EBF2C008B6000A4E4FC /* MainCoordinator.swift */ = {isa = PBXFileReference; lastKnownFileType = sourcecode.swift; path = MainCoordinator.swift; sourceTree = "<group>"; };
		1B588EC32C008BD700A4E4FC /* FirstTabCoordinator.swift */ = {isa = PBXFileReference; lastKnownFileType = sourcecode.swift; path = FirstTabCoordinator.swift; sourceTree = "<group>"; };
		1B588EC52C008C4500A4E4FC /* SecondTabCoordinator.swift */ = {isa = PBXFileReference; lastKnownFileType = sourcecode.swift; path = SecondTabCoordinator.swift; sourceTree = "<group>"; };
		1B588EC72C008C7700A4E4FC /* FirstViewController.swift */ = {isa = PBXFileReference; lastKnownFileType = sourcecode.swift; path = FirstViewController.swift; sourceTree = "<group>"; };
		1B588EC92C008C9700A4E4FC /* FirstDetailView.swift */ = {isa = PBXFileReference; lastKnownFileType = sourcecode.swift; path = FirstDetailView.swift; sourceTree = "<group>"; };
		1B588ECD2C008CB800A4E4FC /* SecondViewController.swift */ = {isa = PBXFileReference; lastKnownFileType = sourcecode.swift; path = SecondViewController.swift; sourceTree = "<group>"; };
		1B588ECE2C008CB800A4E4FC /* SecondViewController.xib */ = {isa = PBXFileReference; lastKnownFileType = file.xib; path = SecondViewController.xib; sourceTree = "<group>"; };
		1B588ED12C0093E300A4E4FC /* FirstTabViewModel.swift */ = {isa = PBXFileReference; lastKnownFileType = sourcecode.swift; path = FirstTabViewModel.swift; sourceTree = "<group>"; };
/* End PBXFileReference section */

/* Begin PBXFrameworksBuildPhase section */
		1B588E932C007B7700A4E4FC /* Frameworks */ = {
			isa = PBXFrameworksBuildPhase;
			buildActionMask = 2147483647;
			files = (
			);
			runOnlyForDeploymentPostprocessing = 0;
		};
/* End PBXFrameworksBuildPhase section */

/* Begin PBXGroup section */
		1B588E8D2C007B7700A4E4FC = {
			isa = PBXGroup;
			children = (
				1B588E982C007B7700A4E4FC /* CoordinatorProject */,
				1B588E972C007B7700A4E4FC /* Products */,
			);
			sourceTree = "<group>";
		};
		1B588E972C007B7700A4E4FC /* Products */ = {
			isa = PBXGroup;
			children = (
				1B588E962C007B7700A4E4FC /* CoordinatorProject.app */,
			);
			name = Products;
			sourceTree = "<group>";
		};
		1B588E982C007B7700A4E4FC /* CoordinatorProject */ = {
			isa = PBXGroup;
			children = (
				1B588E992C007B7700A4E4FC /* AppDelegate.swift */,
				1B588E9B2C007B7700A4E4FC /* SceneDelegate.swift */,
				1B588EB22C007DD700A4E4FC /* ApplicationCoordinator.swift */,
				1B588EAD2C007CFA00A4E4FC /* ContentView.swift */,
				1B588E9D2C007B7700A4E4FC /* ViewController.swift */,
				1B588EAF2C007D4500A4E4FC /* Protocols */,
				1B588EBE2C008B5100A4E4FC /* MainCoordinator */,
				1B588EB42C007E8A00A4E4FC /* Onboarding */,
				1B588EB92C0086A700A4E4FC /* Helper */,
				1B588EA22C007B7800A4E4FC /* Assets.xcassets */,
				1B588EA42C007B7800A4E4FC /* LaunchScreen.storyboard */,
				1B588EA72C007B7800A4E4FC /* Info.plist */,
			);
			path = CoordinatorProject;
			sourceTree = "<group>";
		};
		1B588EAF2C007D4500A4E4FC /* Protocols */ = {
			isa = PBXGroup;
			children = (
				1B588EB02C007D6500A4E4FC /* Coordinator.swift */,
			);
			path = Protocols;
			sourceTree = "<group>";
		};
		1B588EB42C007E8A00A4E4FC /* Onboarding */ = {
			isa = PBXGroup;
			children = (
				1B588EB52C007EA600A4E4FC /* OnboardingCoordinator.swift */,
				1B588EB72C007EEA00A4E4FC /* OnboardingView.swift */,
			);
			path = Onboarding;
			sourceTree = "<group>";
		};
		1B588EB92C0086A700A4E4FC /* Helper */ = {
			isa = PBXGroup;
			children = (
				1B588EBC2C0086E500A4E4FC /* ScaledImageView.swift */,
			);
			path = Helper;
			sourceTree = "<group>";
		};
		1B588EBE2C008B5100A4E4FC /* MainCoordinator */ = {
			isa = PBXGroup;
			children = (
				1B588EBF2C008B6000A4E4FC /* MainCoordinator.swift */,
				1B588EC12C008BAA00A4E4FC /* First */,
				1B588EC22C008BB000A4E4FC /* Second */,
			);
			path = MainCoordinator;
			sourceTree = "<group>";
		};
		1B588EC12C008BAA00A4E4FC /* First */ = {
			isa = PBXGroup;
			children = (
				1B588EC32C008BD700A4E4FC /* FirstTabCoordinator.swift */,
				1B588EC72C008C7700A4E4FC /* FirstViewController.swift */,
				1B588EC92C008C9700A4E4FC /* FirstDetailView.swift */,
				1B588ED12C0093E300A4E4FC /* FirstTabViewModel.swift */,
			);
			path = First;
			sourceTree = "<group>";
		};
		1B588EC22C008BB000A4E4FC /* Second */ = {
			isa = PBXGroup;
			children = (
				1B588EC52C008C4500A4E4FC /* SecondTabCoordinator.swift */,
				1B588ECD2C008CB800A4E4FC /* SecondViewController.swift */,
				1B588ECE2C008CB800A4E4FC /* SecondViewController.xib */,
			);
			path = Second;
			sourceTree = "<group>";
		};
/* End PBXGroup section */

/* Begin PBXNativeTarget section */
		1B588E952C007B7700A4E4FC /* CoordinatorProject */ = {
			isa = PBXNativeTarget;
			buildConfigurationList = 1B588EAA2C007B7800A4E4FC /* Build configuration list for PBXNativeTarget "CoordinatorProject" */;
			buildPhases = (
				1B588E922C007B7700A4E4FC /* Sources */,
				1B588E932C007B7700A4E4FC /* Frameworks */,
				1B588E942C007B7700A4E4FC /* Resources */,
			);
			buildRules = (
			);
			dependencies = (
			);
			name = CoordinatorProject;
			productName = CoordinatorProject;
			productReference = 1B588E962C007B7700A4E4FC /* CoordinatorProject.app */;
			productType = "com.apple.product-type.application";
		};
/* End PBXNativeTarget section */

/* Begin PBXProject section */
		1B588E8E2C007B7700A4E4FC /* Project object */ = {
			isa = PBXProject;
			attributes = {
				BuildIndependentTargetsInParallel = 1;
				LastSwiftUpdateCheck = 1530;
				LastUpgradeCheck = 1530;
				TargetAttributes = {
					1B588E952C007B7700A4E4FC = {
						CreatedOnToolsVersion = 15.3;
					};
				};
			};
			buildConfigurationList = 1B588E912C007B7700A4E4FC /* Build configuration list for PBXProject "CoordinatorProject" */;
			compatibilityVersion = "Xcode 14.0";
			developmentRegion = en;
			hasScannedForEncodings = 0;
			knownRegions = (
				en,
				Base,
			);
			mainGroup = 1B588E8D2C007B7700A4E4FC;
			productRefGroup = 1B588E972C007B7700A4E4FC /* Products */;
			projectDirPath = "";
			projectRoot = "";
			targets = (
				1B588E952C007B7700A4E4FC /* CoordinatorProject */,
			);
		};
/* End PBXProject section */

/* Begin PBXResourcesBuildPhase section */
		1B588E942C007B7700A4E4FC /* Resources */ = {
			isa = PBXResourcesBuildPhase;
			buildActionMask = 2147483647;
			files = (
				1B588EA32C007B7800A4E4FC /* Assets.xcassets in Resources */,
				1B588EA62C007B7800A4E4FC /* Base in Resources */,
				1B588ED02C008CB800A4E4FC /* SecondViewController.xib in Resources */,
			);
			runOnlyForDeploymentPostprocessing = 0;
		};
/* End PBXResourcesBuildPhase section */

/* Begin PBXSourcesBuildPhase section */
		1B588E922C007B7700A4E4FC /* Sources */ = {
			isa = PBXSourcesBuildPhase;
			buildActionMask = 2147483647;
			files = (
				1B588E9E2C007B7700A4E4FC /* ViewController.swift in Sources */,
				1B588E9A2C007B7700A4E4FC /* AppDelegate.swift in Sources */,
				1B588EC62C008C4500A4E4FC /* SecondTabCoordinator.swift in Sources */,
				1B588ECF2C008CB800A4E4FC /* SecondViewController.swift in Sources */,
				1B588EC82C008C7700A4E4FC /* FirstViewController.swift in Sources */,
				1B588EB12C007D6500A4E4FC /* Coordinator.swift in Sources */,
				1B588EC02C008B6000A4E4FC /* MainCoordinator.swift in Sources */,
				1B588EB62C007EA600A4E4FC /* OnboardingCoordinator.swift in Sources */,
				1B588EAE2C007CFA00A4E4FC /* ContentView.swift in Sources */,
				1B588EBD2C0086E500A4E4FC /* ScaledImageView.swift in Sources */,
				1B588EC42C008BD700A4E4FC /* FirstTabCoordinator.swift in Sources */,
				1B588EB82C007EEA00A4E4FC /* OnboardingView.swift in Sources */,
				1B588E9C2C007B7700A4E4FC /* SceneDelegate.swift in Sources */,
				1B588ED22C0093E300A4E4FC /* FirstTabViewModel.swift in Sources */,
				1B588ECA2C008C9700A4E4FC /* FirstDetailView.swift in Sources */,
				1B588EB32C007DD700A4E4FC /* ApplicationCoordinator.swift in Sources */,
			);
			runOnlyForDeploymentPostprocessing = 0;
		};
/* End PBXSourcesBuildPhase section */

/* Begin PBXVariantGroup section */
		1B588EA42C007B7800A4E4FC /* LaunchScreen.storyboard */ = {
			isa = PBXVariantGroup;
			children = (
				1B588EA52C007B7800A4E4FC /* Base */,
			);
			name = LaunchScreen.storyboard;
			sourceTree = "<group>";
		};
/* End PBXVariantGroup section */

/* Begin XCBuildConfiguration section */
		1B588EA82C007B7800A4E4FC /* Debug */ = {
			isa = XCBuildConfiguration;
			buildSettings = {
				ALWAYS_SEARCH_USER_PATHS = NO;
				ASSETCATALOG_COMPILER_GENERATE_SWIFT_ASSET_SYMBOL_EXTENSIONS = YES;
				CLANG_ANALYZER_NONNULL = YES;
				CLANG_ANALYZER_NUMBER_OBJECT_CONVERSION = YES_AGGRESSIVE;
				CLANG_CXX_LANGUAGE_STANDARD = "gnu++20";
				CLANG_ENABLE_MODULES = YES;
				CLANG_ENABLE_OBJC_ARC = YES;
				CLANG_ENABLE_OBJC_WEAK = YES;
				CLANG_WARN_BLOCK_CAPTURE_AUTORELEASING = YES;
				CLANG_WARN_BOOL_CONVERSION = YES;
				CLANG_WARN_COMMA = YES;
				CLANG_WARN_CONSTANT_CONVERSION = YES;
				CLANG_WARN_DEPRECATED_OBJC_IMPLEMENTATIONS = YES;
				CLANG_WARN_DIRECT_OBJC_ISA_USAGE = YES_ERROR;
				CLANG_WARN_DOCUMENTATION_COMMENTS = YES;
				CLANG_WARN_EMPTY_BODY = YES;
				CLANG_WARN_ENUM_CONVERSION = YES;
				CLANG_WARN_INFINITE_RECURSION = YES;
				CLANG_WARN_INT_CONVERSION = YES;
				CLANG_WARN_NON_LITERAL_NULL_CONVERSION = YES;
				CLANG_WARN_OBJC_IMPLICIT_RETAIN_SELF = YES;
				CLANG_WARN_OBJC_LITERAL_CONVERSION = YES;
				CLANG_WARN_OBJC_ROOT_CLASS = YES_ERROR;
				CLANG_WARN_QUOTED_INCLUDE_IN_FRAMEWORK_HEADER = YES;
				CLANG_WARN_RANGE_LOOP_ANALYSIS = YES;
				CLANG_WARN_STRICT_PROTOTYPES = YES;
				CLANG_WARN_SUSPICIOUS_MOVE = YES;
				CLANG_WARN_UNGUARDED_AVAILABILITY = YES_AGGRESSIVE;
				CLANG_WARN_UNREACHABLE_CODE = YES;
				CLANG_WARN__DUPLICATE_METHOD_MATCH = YES;
				COPY_PHASE_STRIP = NO;
				DEBUG_INFORMATION_FORMAT = dwarf;
				ENABLE_STRICT_OBJC_MSGSEND = YES;
				ENABLE_TESTABILITY = YES;
				ENABLE_USER_SCRIPT_SANDBOXING = YES;
				GCC_C_LANGUAGE_STANDARD = gnu17;
				GCC_DYNAMIC_NO_PIC = NO;
				GCC_NO_COMMON_BLOCKS = YES;
				GCC_OPTIMIZATION_LEVEL = 0;
				GCC_PREPROCESSOR_DEFINITIONS = (
					"DEBUG=1",
					"$(inherited)",
				);
				GCC_WARN_64_TO_32_BIT_CONVERSION = YES;
				GCC_WARN_ABOUT_RETURN_TYPE = YES_ERROR;
				GCC_WARN_UNDECLARED_SELECTOR = YES;
				GCC_WARN_UNINITIALIZED_AUTOS = YES_AGGRESSIVE;
				GCC_WARN_UNUSED_FUNCTION = YES;
				GCC_WARN_UNUSED_VARIABLE = YES;
				IPHONEOS_DEPLOYMENT_TARGET = 17.4;
				LOCALIZATION_PREFERS_STRING_CATALOGS = YES;
				MTL_ENABLE_DEBUG_INFO = INCLUDE_SOURCE;
				MTL_FAST_MATH = YES;
				ONLY_ACTIVE_ARCH = YES;
				SDKROOT = iphoneos;
				SWIFT_ACTIVE_COMPILATION_CONDITIONS = "DEBUG $(inherited)";
				SWIFT_OPTIMIZATION_LEVEL = "-Onone";
			};
			name = Debug;
		};
		1B588EA92C007B7800A4E4FC /* Release */ = {
			isa = XCBuildConfiguration;
			buildSettings = {
				ALWAYS_SEARCH_USER_PATHS = NO;
				ASSETCATALOG_COMPILER_GENERATE_SWIFT_ASSET_SYMBOL_EXTENSIONS = YES;
				CLANG_ANALYZER_NONNULL = YES;
				CLANG_ANALYZER_NUMBER_OBJECT_CONVERSION = YES_AGGRESSIVE;
				CLANG_CXX_LANGUAGE_STANDARD = "gnu++20";
				CLANG_ENABLE_MODULES = YES;
				CLANG_ENABLE_OBJC_ARC = YES;
				CLANG_ENABLE_OBJC_WEAK = YES;
				CLANG_WARN_BLOCK_CAPTURE_AUTORELEASING = YES;
				CLANG_WARN_BOOL_CONVERSION = YES;
				CLANG_WARN_COMMA = YES;
				CLANG_WARN_CONSTANT_CONVERSION = YES;
				CLANG_WARN_DEPRECATED_OBJC_IMPLEMENTATIONS = YES;
				CLANG_WARN_DIRECT_OBJC_ISA_USAGE = YES_ERROR;
				CLANG_WARN_DOCUMENTATION_COMMENTS = YES;
				CLANG_WARN_EMPTY_BODY = YES;
				CLANG_WARN_ENUM_CONVERSION = YES;
				CLANG_WARN_INFINITE_RECURSION = YES;
				CLANG_WARN_INT_CONVERSION = YES;
				CLANG_WARN_NON_LITERAL_NULL_CONVERSION = YES;
				CLANG_WARN_OBJC_IMPLICIT_RETAIN_SELF = YES;
				CLANG_WARN_OBJC_LITERAL_CONVERSION = YES;
				CLANG_WARN_OBJC_ROOT_CLASS = YES_ERROR;
				CLANG_WARN_QUOTED_INCLUDE_IN_FRAMEWORK_HEADER = YES;
				CLANG_WARN_RANGE_LOOP_ANALYSIS = YES;
				CLANG_WARN_STRICT_PROTOTYPES = YES;
				CLANG_WARN_SUSPICIOUS_MOVE = YES;
				CLANG_WARN_UNGUARDED_AVAILABILITY = YES_AGGRESSIVE;
				CLANG_WARN_UNREACHABLE_CODE = YES;
				CLANG_WARN__DUPLICATE_METHOD_MATCH = YES;
				COPY_PHASE_STRIP = NO;
				DEBUG_INFORMATION_FORMAT = "dwarf-with-dsym";
				ENABLE_NS_ASSERTIONS = NO;
				ENABLE_STRICT_OBJC_MSGSEND = YES;
				ENABLE_USER_SCRIPT_SANDBOXING = YES;
				GCC_C_LANGUAGE_STANDARD = gnu17;
				GCC_NO_COMMON_BLOCKS = YES;
				GCC_WARN_64_TO_32_BIT_CONVERSION = YES;
				GCC_WARN_ABOUT_RETURN_TYPE = YES_ERROR;
				GCC_WARN_UNDECLARED_SELECTOR = YES;
				GCC_WARN_UNINITIALIZED_AUTOS = YES_AGGRESSIVE;
				GCC_WARN_UNUSED_FUNCTION = YES;
				GCC_WARN_UNUSED_VARIABLE = YES;
				IPHONEOS_DEPLOYMENT_TARGET = 17.4;
				LOCALIZATION_PREFERS_STRING_CATALOGS = YES;
				MTL_ENABLE_DEBUG_INFO = NO;
				MTL_FAST_MATH = YES;
				SDKROOT = iphoneos;
				SWIFT_COMPILATION_MODE = wholemodule;
				VALIDATE_PRODUCT = YES;
			};
			name = Release;
		};
		1B588EAB2C007B7800A4E4FC /* Debug */ = {
			isa = XCBuildConfiguration;
			buildSettings = {
				ASSETCATALOG_COMPILER_APPICON_NAME = AppIcon;
				ASSETCATALOG_COMPILER_GLOBAL_ACCENT_COLOR_NAME = AccentColor;
				CODE_SIGN_STYLE = Automatic;
				CURRENT_PROJECT_VERSION = 1;
				DEVELOPMENT_TEAM = 96FT7QHVFB;
				GENERATE_INFOPLIST_FILE = YES;
				INFOPLIST_FILE = CoordinatorProject/Info.plist;
				INFOPLIST_KEY_UIApplicationSupportsIndirectInputEvents = YES;
				INFOPLIST_KEY_UILaunchStoryboardName = LaunchScreen;
				INFOPLIST_KEY_UIMainStoryboardFile = "";
				INFOPLIST_KEY_UISupportedInterfaceOrientations_iPad = "UIInterfaceOrientationPortrait UIInterfaceOrientationPortraitUpsideDown UIInterfaceOrientationLandscapeLeft UIInterfaceOrientationLandscapeRight";
				INFOPLIST_KEY_UISupportedInterfaceOrientations_iPhone = "UIInterfaceOrientationPortrait UIInterfaceOrientationLandscapeLeft UIInterfaceOrientationLandscapeRight";
				LD_RUNPATH_SEARCH_PATHS = (
					"$(inherited)",
					"@executable_path/Frameworks",
				);
				MARKETING_VERSION = 1.0;
				PRODUCT_BUNDLE_IDENTIFIER = com.bane.CoordinatorProject;
				PRODUCT_NAME = "$(TARGET_NAME)";
				SWIFT_EMIT_LOC_STRINGS = YES;
				SWIFT_VERSION = 5.0;
				TARGETED_DEVICE_FAMILY = "1,2";
			};
			name = Debug;
		};
		1B588EAC2C007B7800A4E4FC /* Release */ = {
			isa = XCBuildConfiguration;
			buildSettings = {
				ASSETCATALOG_COMPILER_APPICON_NAME = AppIcon;
				ASSETCATALOG_COMPILER_GLOBAL_ACCENT_COLOR_NAME = AccentColor;
				CODE_SIGN_STYLE = Automatic;
				CURRENT_PROJECT_VERSION = 1;
				DEVELOPMENT_TEAM = 96FT7QHVFB;
				GENERATE_INFOPLIST_FILE = YES;
				INFOPLIST_FILE = CoordinatorProject/Info.plist;
				INFOPLIST_KEY_UIApplicationSupportsIndirectInputEvents = YES;
				INFOPLIST_KEY_UILaunchStoryboardName = LaunchScreen;
				INFOPLIST_KEY_UIMainStoryboardFile = "";
				INFOPLIST_KEY_UISupportedInterfaceOrientations_iPad = "UIInterfaceOrientationPortrait UIInterfaceOrientationPortraitUpsideDown UIInterfaceOrientationLandscapeLeft UIInterfaceOrientationLandscapeRight";
				INFOPLIST_KEY_UISupportedInterfaceOrientations_iPhone = "UIInterfaceOrientationPortrait UIInterfaceOrientationLandscapeLeft UIInterfaceOrientationLandscapeRight";
				LD_RUNPATH_SEARCH_PATHS = (
					"$(inherited)",
					"@executable_path/Frameworks",
				);
				MARKETING_VERSION = 1.0;
				PRODUCT_BUNDLE_IDENTIFIER = com.bane.CoordinatorProject;
				PRODUCT_NAME = "$(TARGET_NAME)";
				SWIFT_EMIT_LOC_STRINGS = YES;
				SWIFT_VERSION = 5.0;
				TARGETED_DEVICE_FAMILY = "1,2";
			};
			name = Release;
		};
/* End XCBuildConfiguration section */

/* Begin XCConfigurationList section */
		1B588E912C007B7700A4E4FC /* Build configuration list for PBXProject "CoordinatorProject" */ = {
			isa = XCConfigurationList;
			buildConfigurations = (
				1B588EA82C007B7800A4E4FC /* Debug */,
				1B588EA92C007B7800A4E4FC /* Release */,
			);
			defaultConfigurationIsVisible = 0;
			defaultConfigurationName = Release;
		};
		1B588EAA2C007B7800A4E4FC /* Build configuration list for PBXNativeTarget "CoordinatorProject" */ = {
			isa = XCConfigurationList;
			buildConfigurations = (
				1B588EAB2C007B7800A4E4FC /* Debug */,
				1B588EAC2C007B7800A4E4FC /* Release */,
			);
			defaultConfigurationIsVisible = 0;
			defaultConfigurationName = Release;
		};
/* End XCConfigurationList section */
	};
	rootObject = 1B588E8E2C007B7700A4E4FC /* Project object */;
}
